
Microsoft Visual Studio Solution File, Format Version 12.00
# Visual Studio 15
VisualStudioVersion = 15.0.27004.2009
MinimumVisualStudioVersion = 10.0.40219.1
Project("{F184B08F-C81C-45F6-A57F-5ABD9991F28F}") = "FF-Backup", "FF-Backup\FF-Backup.vbproj", "{F53621A5-560F-4809-BE11-F69456D7332E}"
EndProject
Global
	GlobalSection(SolutionConfigurationPlatforms) = preSolution
		Debug|Any CPU = Debug|Any CPU
		Release|Any CPU = Release|Any CPU
	EndGlobalSection
	GlobalSection(ProjectConfigurationPlatforms) = postSolution
		{F53621A5-560F-4809-BE11-F69456D7332E}.Debug|Any CPU.ActiveCfg = Debug|Any CPU
		{F53621A5-560F-4809-BE11-F69456D7332E}.Debug|Any CPU.Build.0 = Debug|Any CPU
		{F53621A5-560F-4809-BE11-F69456D7332E}.Release|Any CPU.ActiveCfg = Release|Any CPU
		{F53621A5-560F-4809-BE11-F69456D7332E}.Release|Any CPU.Build.0 = Release|Any CPU
	EndGlobalSection
	GlobalSection(SolutionProperties) = preSolution
		HideSolutionNode = FALSE
	EndGlobalSection
	GlobalSection(ExtensibilityGlobals) = postSolution
		SolutionGuid = {8452F68D-BFC5-47B6-8647-B7B9B8872AD9}
	EndGlobalSection
EndGlobal
